Microsoft Visual Studio Solution File, Format Version 12.00
# Visual Studio Version 17
VisualStudioVersion = 17.5.2.0
MinimumVisualStudioVersion = 10.0.40219.1
Project("{FAE04EC0-301F-11D3-BF4B-00C04F79EFBC}") = "MusicQ", "MusicQ.csproj", "{62CF680D-1228-A028-7EEE-05E8E982F6EC}"
EndProject
Global
	GlobalSection(SolutionConfigurationPlatforms) = preSolution
		Debug|Any CPU = Debug|Any CPU
		Release|Any CPU = Release|Any CPU
	EndGlobalSection
	GlobalSection(ProjectConfigurationPlatforms) = postSolution
		{62CF680D-1228-A028-7EEE-05E8E982F6EC}.Debug|Any CPU.ActiveCfg = Debug|Any CPU
		{62CF680D-1228-A028-7EEE-05E8E982F6EC}.Debug|Any CPU.Build.0 = Debug|Any CPU
		{62CF680D-1228-A028-7EEE-05E8E982F6EC}.Release|Any CPU.ActiveCfg = Release|Any CPU
		{62CF680D-1228-A028-7EEE-05E8E982F6EC}.Release|Any CPU.Build.0 = Release|Any CPU
	EndGlobalSection
	GlobalSection(SolutionProperties) = preSolution
		HideSolutionNode = FALSE
	EndGlobalSection
	GlobalSection(ExtensibilityGlobals) = postSolution
		SolutionGuid = {523D938A-FDE5-4C3F-B5BE-C2A48A3D6991}
	EndGlobalSection
EndGlobal
